// !$*UTF8*$!
{
	archiveVersion = 1;
	classes = {
	};
	objectVersion = 50;
	objects = {

/* Begin PBXBuildFile section */
		9A4B0C2A243E0615009EA3EC /* String.swift in Sources */ = {isa = PBXBuildFile; fileRef = 9A4B0C29243E0615009EA3EC /* String.swift */; };
		9A4B0C2D243E0951009EA3EC /* NetworkClient.swift in Sources */ = {isa = PBXBuildFile; fileRef = 9A4B0C2C243E0951009EA3EC /* NetworkClient.swift */; };
		9A4B0C2F243E0983009EA3EC /* AddressAPI.swift in Sources */ = {isa = PBXBuildFile; fileRef = 9A4B0C2E243E0983009EA3EC /* AddressAPI.swift */; };
		9A4C7EEA2446F27D009E9B9E /* CreateAddressView.swift in Sources */ = {isa = PBXBuildFile; fileRef = 9A4C7EE92446F27D009E9B9E /* CreateAddressView.swift */; };
		9A4C7EEC2446F9C2009E9B9E /* FormTextField.swift in Sources */ = {isa = PBXBuildFile; fileRef = 9A4C7EEB2446F9C2009E9B9E /* FormTextField.swift */; };
		9A4C7EEE244700F6009E9B9E /* CreateAddressViewModel.swift in Sources */ = {isa = PBXBuildFile; fileRef = 9A4C7EED244700F6009E9B9E /* CreateAddressViewModel.swift */; };
		9A4C7EF0244704DE009E9B9E /* RespondingTextField.swift in Sources */ = {isa = PBXBuildFile; fileRef = 9A4C7EEF244704DE009E9B9E /* RespondingTextField.swift */; };
		9A6AE09A243F223F00AE8AAE /* ViewFactory.swift in Sources */ = {isa = PBXBuildFile; fileRef = 9A6AE099243F223F00AE8AAE /* ViewFactory.swift */; };
		9A6AE09C243F2D4F00AE8AAE /* ActivityIndicator.swift in Sources */ = {isa = PBXBuildFile; fileRef = 9A6AE09B243F2D4F00AE8AAE /* ActivityIndicator.swift */; };
		9A6AE09F243F31AA00AE8AAE /* SwiftUI+View.swift in Sources */ = {isa = PBXBuildFile; fileRef = 9A6AE09E243F31AA00AE8AAE /* SwiftUI+View.swift */; };
		9A6AE0A1243F31D800AE8AAE /* ViewModifiers.swift in Sources */ = {isa = PBXBuildFile; fileRef = 9A6AE0A0243F31D800AE8AAE /* ViewModifiers.swift */; };
		9AA869B72447320A00D4559B /* AppButton.swift in Sources */ = {isa = PBXBuildFile; fileRef = 9AA869B62447320A00D4559B /* AppButton.swift */; };
		9AA869BA24474BCA00D4559B /* InputValidation.swift in Sources */ = {isa = PBXBuildFile; fileRef = 9AA869B924474BCA00D4559B /* InputValidation.swift */; };
		9AA869BD24486D1400D4559B /* Colors.swift in Sources */ = {isa = PBXBuildFile; fileRef = 9AA869BC24486D1400D4559B /* Colors.swift */; };
		9AA869BF24486E8A00D4559B /* UserData.swift in Sources */ = {isa = PBXBuildFile; fileRef = 9AA869BE24486E8A00D4559B /* UserData.swift */; };
		9AB69C342445C8EB00DFB9EC /* MapView.swift in Sources */ = {isa = PBXBuildFile; fileRef = 9AB69C332445C8EB00DFB9EC /* MapView.swift */; };
		9AB69C362445CC3700DFB9EC /* AddressRow.swift in Sources */ = {isa = PBXBuildFile; fileRef = 9AB69C352445CC3700DFB9EC /* AddressRow.swift */; };
		9AB69C382445CE1A00DFB9EC /* AddressMapView.swift in Sources */ = {isa = PBXBuildFile; fileRef = 9AB69C372445CE1A00DFB9EC /* AddressMapView.swift */; };
		9AB69C3A2445CE3800DFB9EC /* AddressMapViewModel.swift in Sources */ = {isa = PBXBuildFile; fileRef = 9AB69C392445CE3800DFB9EC /* AddressMapViewModel.swift */; };
		9AB69C3C2445D1F000DFB9EC /* AddressAnnotation.swift in Sources */ = {isa = PBXBuildFile; fileRef = 9AB69C3B2445D1F000DFB9EC /* AddressAnnotation.swift */; };
		9AB69C3E2445D52800DFB9EC /* DraggableCard.swift in Sources */ = {isa = PBXBuildFile; fileRef = 9AB69C3D2445D52800DFB9EC /* DraggableCard.swift */; };
		9AB69C422445EB5E00DFB9EC /* Handle.swift in Sources */ = {isa = PBXBuildFile; fileRef = 9AB69C412445EB5E00DFB9EC /* Handle.swift */; };
		9AC642062449EF6D0042355A /* AddressResponse.swift in Sources */ = {isa = PBXBuildFile; fileRef = 9AC642052449EF6D0042355A /* AddressResponse.swift */; };
		9AC6420A2449F0F30042355A /* AddressList.swift in Sources */ = {isa = PBXBuildFile; fileRef = 9AC642092449F0F30042355A /* AddressList.swift */; };
		9AD42ACC243DF05E0032D617 /* AppDelegate.swift in Sources */ = {isa = PBXBuildFile; fileRef = 9AD42ACB243DF05E0032D617 /* AppDelegate.swift */; };
		9AD42ACE243DF05E0032D617 /* SceneDelegate.swift in Sources */ = {isa = PBXBuildFile; fileRef = 9AD42ACD243DF05E0032D617 /* SceneDelegate.swift */; };
		9AD42AD2243DF05F0032D617 /* Assets.xcassets in Resources */ = {isa = PBXBuildFile; fileRef = 9AD42AD1243DF05F0032D617 /* Assets.xcassets */; };
		9AD42AD5243DF05F0032D617 /* Preview Assets.xcassets in Resources */ = {isa = PBXBuildFile; fileRef = 9AD42AD4243DF05F0032D617 /* Preview Assets.xcassets */; };
		9AD42AD8243DF0600032D617 /* LaunchScreen.storyboard in Resources */ = {isa = PBXBuildFile; fileRef = 9AD42AD6243DF0600032D617 /* LaunchScreen.storyboard */; };
		9AD42AE3243DF0600032D617 /* AddressSearchDenmarkTests.swift in Sources */ = {isa = PBXBuildFile; fileRef = 9AD42AE2243DF0600032D617 /* AddressSearchDenmarkTests.swift */; };
		9AD42AEE243DF07D0032D617 /* SearchAddressView.swift in Sources */ = {isa = PBXBuildFile; fileRef = 9AD42AED243DF07D0032D617 /* SearchAddressView.swift */; };
		9AD42AF2243DF2B50032D617 /* SwiftUI-UIApplication.swift in Sources */ = {isa = PBXBuildFile; fileRef = 9AD42AF1243DF2B50032D617 /* SwiftUI-UIApplication.swift */; };
		9AD42AF5243DF30E0032D617 /* SearchBar.swift in Sources */ = {isa = PBXBuildFile; fileRef = 9AD42AF4243DF30E0032D617 /* SearchBar.swift */; };
		9AD42AFD243DFAA60032D617 /* SearchAddressViewModel.swift in Sources */ = {isa = PBXBuildFile; fileRef = 9AD42AFC243DFAA60032D617 /* SearchAddressViewModel.swift */; };
		9AD42B00243DFACB0032D617 /* Address.swift in Sources */ = {isa = PBXBuildFile; fileRef = 9AD42AFF243DFACB0032D617 /* Address.swift */; };
		9AD42B03243DFC6F0032D617 /* SearchAddressService.swift in Sources */ = {isa = PBXBuildFile; fileRef = 9AD42B02243DFC6F0032D617 /* SearchAddressService.swift */; };
/* End PBXBuildFile section */

/* Begin PBXContainerItemProxy section */
		9AD42ADF243DF0600032D617 /* PBXContainerItemProxy */ = {
			isa = PBXContainerItemProxy;
			containerPortal = 9AD42AC0243DF05E0032D617 /* Project object */;
			proxyType = 1;
			remoteGlobalIDString = 9AD42AC7243DF05E0032D617;
			remoteInfo = AddressSearchDenmark;
		};
/* End PBXContainerItemProxy section */

/* Begin PBXFileReference section */
		9A4B0C29243E0615009EA3EC /* String.swift */ = {isa = PBXFileReference; lastKnownFileType = sourcecode.swift; path = String.swift; sourceTree = "<group>"; };
		9A4B0C2C243E0951009EA3EC /* NetworkClient.swift */ = {isa = PBXFileReference; lastKnownFileType = sourcecode.swift; path = NetworkClient.swift; sourceTree = "<group>"; };
		9A4B0C2E243E0983009EA3EC /* AddressAPI.swift */ = {isa = PBXFileReference; lastKnownFileType = sourcecode.swift; path = AddressAPI.swift; sourceTree = "<group>"; };
		9A4C7EE92446F27D009E9B9E /* CreateAddressView.swift */ = {isa = PBXFileReference; lastKnownFileType = sourcecode.swift; path = CreateAddressView.swift; sourceTree = "<group>"; };
		9A4C7EEB2446F9C2009E9B9E /* FormTextField.swift */ = {isa = PBXFileReference; lastKnownFileType = sourcecode.swift; path = FormTextField.swift; sourceTree = "<group>"; };
		9A4C7EED244700F6009E9B9E /* CreateAddressViewModel.swift */ = {isa = PBXFileReference; lastKnownFileType = sourcecode.swift; path = CreateAddressViewModel.swift; sourceTree = "<group>"; };
		9A4C7EEF244704DE009E9B9E /* RespondingTextField.swift */ = {isa = PBXFileReference; lastKnownFileType = sourcecode.swift; path = RespondingTextField.swift; sourceTree = "<group>"; };
		9A6AE099243F223F00AE8AAE /* ViewFactory.swift */ = {isa = PBXFileReference; lastKnownFileType = sourcecode.swift; path = ViewFactory.swift; sourceTree = "<group>"; };
		9A6AE09B243F2D4F00AE8AAE /* ActivityIndicator.swift */ = {isa = PBXFileReference; lastKnownFileType = sourcecode.swift; path = ActivityIndicator.swift; sourceTree = "<group>"; };
		9A6AE09E243F31AA00AE8AAE /* SwiftUI+View.swift */ = {isa = PBXFileReference; lastKnownFileType = sourcecode.swift; path = "SwiftUI+View.swift"; sourceTree = "<group>"; };
		9A6AE0A0243F31D800AE8AAE /* ViewModifiers.swift */ = {isa = PBXFileReference; lastKnownFileType = sourcecode.swift; path = ViewModifiers.swift; sourceTree = "<group>"; };
		9AA869B62447320A00D4559B /* AppButton.swift */ = {isa = PBXFileReference; lastKnownFileType = sourcecode.swift; path = AppButton.swift; sourceTree = "<group>"; };
		9AA869B924474BCA00D4559B /* InputValidation.swift */ = {isa = PBXFileReference; lastKnownFileType = sourcecode.swift; path = InputValidation.swift; sourceTree = "<group>"; };
		9AA869BC24486D1400D4559B /* Colors.swift */ = {isa = PBXFileReference; lastKnownFileType = sourcecode.swift; path = Colors.swift; sourceTree = "<group>"; };
		9AA869BE24486E8A00D4559B /* UserData.swift */ = {isa = PBXFileReference; lastKnownFileType = sourcecode.swift; path = UserData.swift; sourceTree = "<group>"; };
		9AB69C332445C8EB00DFB9EC /* MapView.swift */ = {isa = PBXFileReference; lastKnownFileType = sourcecode.swift; path = MapView.swift; sourceTree = "<group>"; };
		9AB69C352445CC3700DFB9EC /* AddressRow.swift */ = {isa = PBXFileReference; lastKnownFileType = sourcecode.swift; path = AddressRow.swift; sourceTree = "<group>"; };
		9AB69C372445CE1A00DFB9EC /* AddressMapView.swift */ = {isa = PBXFileReference; lastKnownFileType = sourcecode.swift; path = AddressMapView.swift; sourceTree = "<group>"; };
		9AB69C392445CE3800DFB9EC /* AddressMapViewModel.swift */ = {isa = PBXFileReference; lastKnownFileType = sourcecode.swift; path = AddressMapViewModel.swift; sourceTree = "<group>"; };
		9AB69C3B2445D1F000DFB9EC /* AddressAnnotation.swift */ = {isa = PBXFileReference; lastKnownFileType = sourcecode.swift; path = AddressAnnotation.swift; sourceTree = "<group>"; };
		9AB69C3D2445D52800DFB9EC /* DraggableCard.swift */ = {isa = PBXFileReference; lastKnownFileType = sourcecode.swift; path = DraggableCard.swift; sourceTree = "<group>"; };
		9AB69C412445EB5E00DFB9EC /* Handle.swift */ = {isa = PBXFileReference; lastKnownFileType = sourcecode.swift; path = Handle.swift; sourceTree = "<group>"; };
		9AC642052449EF6D0042355A /* AddressResponse.swift */ = {isa = PBXFileReference; lastKnownFileType = sourcecode.swift; path = AddressResponse.swift; sourceTree = "<group>"; };
		9AC642092449F0F30042355A /* AddressList.swift */ = {isa = PBXFileReference; lastKnownFileType = sourcecode.swift; path = AddressList.swift; sourceTree = "<group>"; };
		9AD42AC8243DF05E0032D617 /* AddressSearchDenmark.app */ = {isa = PBXFileReference; explicitFileType = wrapper.application; includeInIndex = 0; path = AddressSearchDenmark.app; sourceTree = BUILT_PRODUCTS_DIR; };
		9AD42ACB243DF05E0032D617 /* AppDelegate.swift */ = {isa = PBXFileReference; lastKnownFileType = sourcecode.swift; path = AppDelegate.swift; sourceTree = "<group>"; };
		9AD42ACD243DF05E0032D617 /* SceneDelegate.swift */ = {isa = PBXFileReference; lastKnownFileType = sourcecode.swift; path = SceneDelegate.swift; sourceTree = "<group>"; };
		9AD42AD1243DF05F0032D617 /* Assets.xcassets */ = {isa = PBXFileReference; lastKnownFileType = folder.assetcatalog; path = Assets.xcassets; sourceTree = "<group>"; };
		9AD42AD4243DF05F0032D617 /* Preview Assets.xcassets */ = {isa = PBXFileReference; lastKnownFileType = folder.assetcatalog; path = "Preview Assets.xcassets"; sourceTree = "<group>"; };
		9AD42AD7243DF0600032D617 /* Base */ = {isa = PBXFileReference; lastKnownFileType = file.storyboard; name = Base; path = Base.lproj/LaunchScreen.storyboard; sourceTree = "<group>"; };
		9AD42AD9243DF0600032D617 /* Info.plist */ = {isa = PBXFileReference; lastKnownFileType = text.plist.xml; path = Info.plist; sourceTree = "<group>"; };
		9AD42ADE243DF0600032D617 /* AddressSearchDenmarkTests.xctest */ = {isa = PBXFileReference; explicitFileType = wrapper.cfbundle; includeInIndex = 0; path = AddressSearchDenmarkTests.xctest; sourceTree = BUILT_PRODUCTS_DIR; };
		9AD42AE2243DF0600032D617 /* AddressSearchDenmarkTests.swift */ = {isa = PBXFileReference; lastKnownFileType = sourcecode.swift; path = AddressSearchDenmarkTests.swift; sourceTree = "<group>"; };
		9AD42AE4243DF0600032D617 /* Info.plist */ = {isa = PBXFileReference; lastKnownFileType = text.plist.xml; path = Info.plist; sourceTree = "<group>"; };
		9AD42AED243DF07D0032D617 /* SearchAddressView.swift */ = {isa = PBXFileReference; lastKnownFileType = sourcecode.swift; path = SearchAddressView.swift; sourceTree = "<group>"; };
		9AD42AF1243DF2B50032D617 /* SwiftUI-UIApplication.swift */ = {isa = PBXFileReference; lastKnownFileType = sourcecode.swift; path = "SwiftUI-UIApplication.swift"; sourceTree = "<group>"; };
		9AD42AF4243DF30E0032D617 /* SearchBar.swift */ = {isa = PBXFileReference; lastKnownFileType = sourcecode.swift; path = SearchBar.swift; sourceTree = "<group>"; };
		9AD42AFC243DFAA60032D617 /* SearchAddressViewModel.swift */ = {isa = PBXFileReference; lastKnownFileType = sourcecode.swift; path = SearchAddressViewModel.swift; sourceTree = "<group>"; };
		9AD42AFF243DFACB0032D617 /* Address.swift */ = {isa = PBXFileReference; lastKnownFileType = sourcecode.swift; path = Address.swift; sourceTree = "<group>"; };
		9AD42B02243DFC6F0032D617 /* SearchAddressService.swift */ = {isa = PBXFileReference; lastKnownFileType = sourcecode.swift; path = SearchAddressService.swift; sourceTree = "<group>"; };
/* End PBXFileReference section */

/* Begin PBXFrameworksBuildPhase section */
		9AD42AC5243DF05E0032D617 /* Frameworks */ = {
			isa = PBXFrameworksBuildPhase;
			buildActionMask = 2147483647;
			files = (
			);
			runOnlyForDeploymentPostprocessing = 0;
		};
		9AD42ADB243DF0600032D617 /* Frameworks */ = {
			isa = PBXFrameworksBuildPhase;
			buildActionMask = 2147483647;
			files = (
			);
			runOnlyForDeploymentPostprocessing = 0;
		};
/* End PBXFrameworksBuildPhase section */

/* Begin PBXGroup section */
		9A4B0C2B243E0941009EA3EC /* Networking */ = {
			isa = PBXGroup;
			children = (
				9A4B0C2E243E0983009EA3EC /* AddressAPI.swift */,
				9A4B0C2C243E0951009EA3EC /* NetworkClient.swift */,
			);
			path = Networking;
			sourceTree = "<group>";
		};
		9A6AE09D243F2D5600AE8AAE /* UIKit */ = {
			isa = PBXGroup;
			children = (
				9A6AE09B243F2D4F00AE8AAE /* ActivityIndicator.swift */,
				9AB69C332445C8EB00DFB9EC /* MapView.swift */,
				9AB69C3B2445D1F000DFB9EC /* AddressAnnotation.swift */,
				9A4C7EEF244704DE009E9B9E /* RespondingTextField.swift */,
			);
			path = UIKit;
			sourceTree = "<group>";
		};
		9AA869B82447321C00D4559B /* Components */ = {
			isa = PBXGroup;
			children = (
				9AD42AF4243DF30E0032D617 /* SearchBar.swift */,
				9AB69C3D2445D52800DFB9EC /* DraggableCard.swift */,
				9AB69C412445EB5E00DFB9EC /* Handle.swift */,
				9AA869B62447320A00D4559B /* AppButton.swift */,
				9A4C7EEB2446F9C2009E9B9E /* FormTextField.swift */,
				9AC642092449F0F30042355A /* AddressList.swift */,
				9AB69C352445CC3700DFB9EC /* AddressRow.swift */,
			);
			path = Components;
			sourceTree = "<group>";
		};
		9AA869BB24486D0600D4559B /* Supporting Files */ = {
			isa = PBXGroup;
			children = (
				9AA869BC24486D1400D4559B /* Colors.swift */,
			);
			path = "Supporting Files";
			sourceTree = "<group>";
		};
		9AD42ABF243DF05E0032D617 = {
			isa = PBXGroup;
			children = (
				9AD42ACA243DF05E0032D617 /* AddressSearchDenmark */,
				9AD42AE1243DF0600032D617 /* AddressSearchDenmarkTests */,
				9AD42AC9243DF05E0032D617 /* Products */,
			);
			sourceTree = "<group>";
		};
		9AD42AC9243DF05E0032D617 /* Products */ = {
			isa = PBXGroup;
			children = (
				9AD42AC8243DF05E0032D617 /* AddressSearchDenmark.app */,
				9AD42ADE243DF0600032D617 /* AddressSearchDenmarkTests.xctest */,
			);
			name = Products;
			sourceTree = "<group>";
		};
		9AD42ACA243DF05E0032D617 /* AddressSearchDenmark */ = {
			isa = PBXGroup;
			children = (
				9AD42AEF243DF0870032D617 /* Views */,
				9AD42AFE243DFABB0032D617 /* Model */,
				9AD42B01243DFC590032D617 /* Services */,
				9AD42AF0243DF2A80032D617 /* Extensions */,
				9A4B0C2B243E0941009EA3EC /* Networking */,
				9AA869BB24486D0600D4559B /* Supporting Files */,
				9AD42ACB243DF05E0032D617 /* AppDelegate.swift */,
				9AD42ACD243DF05E0032D617 /* SceneDelegate.swift */,
				9AD42AD1243DF05F0032D617 /* Assets.xcassets */,
				9AD42AD6243DF0600032D617 /* LaunchScreen.storyboard */,
				9AD42AD9243DF0600032D617 /* Info.plist */,
				9AD42AD3243DF05F0032D617 /* Preview Content */,
			);
			path = AddressSearchDenmark;
			sourceTree = "<group>";
		};
		9AD42AD3243DF05F0032D617 /* Preview Content */ = {
			isa = PBXGroup;
			children = (
				9AD42AD4243DF05F0032D617 /* Preview Assets.xcassets */,
			);
			path = "Preview Content";
			sourceTree = "<group>";
		};
		9AD42AE1243DF0600032D617 /* AddressSearchDenmarkTests */ = {
			isa = PBXGroup;
			children = (
				9AD42AE2243DF0600032D617 /* AddressSearchDenmarkTests.swift */,
				9AD42AE4243DF0600032D617 /* Info.plist */,
			);
			path = AddressSearchDenmarkTests;
			sourceTree = "<group>";
		};
		9AD42AEF243DF0870032D617 /* Views */ = {
			isa = PBXGroup;
			children = (
				9A6AE09D243F2D5600AE8AAE /* UIKit */,
				9AA869B82447321C00D4559B /* Components */,
				9AD42AED243DF07D0032D617 /* SearchAddressView.swift */,
				9AD42AFC243DFAA60032D617 /* SearchAddressViewModel.swift */,
				9AB69C372445CE1A00DFB9EC /* AddressMapView.swift */,
				9AB69C392445CE3800DFB9EC /* AddressMapViewModel.swift */,
				9A4C7EE92446F27D009E9B9E /* CreateAddressView.swift */,
				9A4C7EED244700F6009E9B9E /* CreateAddressViewModel.swift */,
				9A6AE099243F223F00AE8AAE /* ViewFactory.swift */,
			);
			path = Views;
			sourceTree = "<group>";
		};
		9AD42AF0243DF2A80032D617 /* Extensions */ = {
			isa = PBXGroup;
			children = (
				9AD42AF1243DF2B50032D617 /* SwiftUI-UIApplication.swift */,
				9A6AE09E243F31AA00AE8AAE /* SwiftUI+View.swift */,
				9A6AE0A0243F31D800AE8AAE /* ViewModifiers.swift */,
				9A4B0C29243E0615009EA3EC /* String.swift */,
			);
			path = Extensions;
			sourceTree = "<group>";
		};
		9AD42AFE243DFABB0032D617 /* Model */ = {
			isa = PBXGroup;
			children = (
				9AD42AFF243DFACB0032D617 /* Address.swift */,
				9AA869B924474BCA00D4559B /* InputValidation.swift */,
				9AA869BE24486E8A00D4559B /* UserData.swift */,
				9AC642052449EF6D0042355A /* AddressResponse.swift */,
			);
			path = Model;
			sourceTree = "<group>";
		};
		9AD42B01243DFC590032D617 /* Services */ = {
			isa = PBXGroup;
			children = (
				9AD42B02243DFC6F0032D617 /* SearchAddressService.swift */,
			);
			path = Services;
			sourceTree = "<group>";
		};
/* End PBXGroup section */

/* Begin PBXNativeTarget section */
		9AD42AC7243DF05E0032D617 /* AddressSearchDenmark */ = {
			isa = PBXNativeTarget;
			buildConfigurationList = 9AD42AE7243DF0600032D617 /* Build configuration list for PBXNativeTarget "AddressSearchDenmark" */;
			buildPhases = (
				9AD42AC4243DF05E0032D617 /* Sources */,
				9AD42AC5243DF05E0032D617 /* Frameworks */,
				9AD42AC6243DF05E0032D617 /* Resources */,
			);
			buildRules = (
			);
			dependencies = (
			);
			name = AddressSearchDenmark;
			productName = AddressSearchDenmark;
			productReference = 9AD42AC8243DF05E0032D617 /* AddressSearchDenmark.app */;
			productType = "com.apple.product-type.application";
		};
		9AD42ADD243DF0600032D617 /* AddressSearchDenmarkTests */ = {
			isa = PBXNativeTarget;
			buildConfigurationList = 9AD42AEA243DF0600032D617 /* Build configuration list for PBXNativeTarget "AddressSearchDenmarkTests" */;
			buildPhases = (
				9AD42ADA243DF0600032D617 /* Sources */,
				9AD42ADB243DF0600032D617 /* Frameworks */,
				9AD42ADC243DF0600032D617 /* Resources */,
			);
			buildRules = (
			);
			dependencies = (
				9AD42AE0243DF0600032D617 /* PBXTargetDependency */,
			);
			name = AddressSearchDenmarkTests;
			productName = AddressSearchDenmarkTests;
			productReference = 9AD42ADE243DF0600032D617 /* AddressSearchDenmarkTests.xctest */;
			productType = "com.apple.product-type.bundle.unit-test";
		};
/* End PBXNativeTarget section */

/* Begin PBXProject section */
		9AD42AC0243DF05E0032D617 /* Project object */ = {
			isa = PBXProject;
			attributes = {
				LastSwiftUpdateCheck = 1140;
				LastUpgradeCheck = 1140;
				ORGANIZATIONNAME = "Anders Friis";
				TargetAttributes = {
					9AD42AC7243DF05E0032D617 = {
						CreatedOnToolsVersion = 11.4;
					};
					9AD42ADD243DF0600032D617 = {
						CreatedOnToolsVersion = 11.4;
						TestTargetID = 9AD42AC7243DF05E0032D617;
					};
				};
			};
			buildConfigurationList = 9AD42AC3243DF05E0032D617 /* Build configuration list for PBXProject "AddressSearchDenmark" */;
			compatibilityVersion = "Xcode 9.3";
			developmentRegion = en;
			hasScannedForEncodings = 0;
			knownRegions = (
				en,
				Base,
			);
			mainGroup = 9AD42ABF243DF05E0032D617;
			productRefGroup = 9AD42AC9243DF05E0032D617 /* Products */;
			projectDirPath = "";
			projectRoot = "";
			targets = (
				9AD42AC7243DF05E0032D617 /* AddressSearchDenmark */,
				9AD42ADD243DF0600032D617 /* AddressSearchDenmarkTests */,
			);
		};
/* End PBXProject section */

/* Begin PBXResourcesBuildPhase section */
		9AD42AC6243DF05E0032D617 /* Resources */ = {
			isa = PBXResourcesBuildPhase;
			buildActionMask = 2147483647;
			files = (
				9AD42AD8243DF0600032D617 /* LaunchScreen.storyboard in Resources */,
				9AD42AD5243DF05F0032D617 /* Preview Assets.xcassets in Resources */,
				9AD42AD2243DF05F0032D617 /* Assets.xcassets in Resources */,
			);
			runOnlyForDeploymentPostprocessing = 0;
		};
		9AD42ADC243DF0600032D617 /* Resources */ = {
			isa = PBXResourcesBuildPhase;
			buildActionMask = 2147483647;
			files = (
			);
			runOnlyForDeploymentPostprocessing = 0;
		};
/* End PBXResourcesBuildPhase section */

/* Begin PBXSourcesBuildPhase section */
		9AD42AC4243DF05E0032D617 /* Sources */ = {
			isa = PBXSourcesBuildPhase;
			buildActionMask = 2147483647;
			files = (
				9A4C7EF0244704DE009E9B9E /* RespondingTextField.swift in Sources */,
				9AD42B03243DFC6F0032D617 /* SearchAddressService.swift in Sources */,
				9AB69C362445CC3700DFB9EC /* AddressRow.swift in Sources */,
				9A4C7EEC2446F9C2009E9B9E /* FormTextField.swift in Sources */,
				9AB69C342445C8EB00DFB9EC /* MapView.swift in Sources */,
				9A4C7EEE244700F6009E9B9E /* CreateAddressViewModel.swift in Sources */,
				9A4C7EEA2446F27D009E9B9E /* CreateAddressView.swift in Sources */,
				9AB69C3C2445D1F000DFB9EC /* AddressAnnotation.swift in Sources */,
				9A6AE09C243F2D4F00AE8AAE /* ActivityIndicator.swift in Sources */,
				9A4B0C2A243E0615009EA3EC /* String.swift in Sources */,
				9AB69C3A2445CE3800DFB9EC /* AddressMapViewModel.swift in Sources */,
				9AD42ACC243DF05E0032D617 /* AppDelegate.swift in Sources */,
				9AA869B72447320A00D4559B /* AppButton.swift in Sources */,
				9A4B0C2D243E0951009EA3EC /* NetworkClient.swift in Sources */,
				9A6AE09F243F31AA00AE8AAE /* SwiftUI+View.swift in Sources */,
				9AA869BA24474BCA00D4559B /* InputValidation.swift in Sources */,
				9AB69C3E2445D52800DFB9EC /* DraggableCard.swift in Sources */,
				9AC642062449EF6D0042355A /* AddressResponse.swift in Sources */,
				9AD42AEE243DF07D0032D617 /* SearchAddressView.swift in Sources */,
				9AA869BF24486E8A00D4559B /* UserData.swift in Sources */,
				9A6AE09A243F223F00AE8AAE /* ViewFactory.swift in Sources */,
				9AC6420A2449F0F30042355A /* AddressList.swift in Sources */,
				9AB69C382445CE1A00DFB9EC /* AddressMapView.swift in Sources */,
				9AA869BD24486D1400D4559B /* Colors.swift in Sources */,
				9AB69C422445EB5E00DFB9EC /* Handle.swift in Sources */,
				9AD42ACE243DF05E0032D617 /* SceneDelegate.swift in Sources */,
				9AD42B00243DFACB0032D617 /* Address.swift in Sources */,
				9AD42AF2243DF2B50032D617 /* SwiftUI-UIApplication.swift in Sources */,
				9A6AE0A1243F31D800AE8AAE /* ViewModifiers.swift in Sources */,
				9A4B0C2F243E0983009EA3EC /* AddressAPI.swift in Sources */,
				9AD42AFD243DFAA60032D617 /* SearchAddressViewModel.swift in Sources */,
				9AD42AF5243DF30E0032D617 /* SearchBar.swift in Sources */,
			);
			runOnlyForDeploymentPostprocessing = 0;
		};
		9AD42ADA243DF0600032D617 /* Sources */ = {
			isa = PBXSourcesBuildPhase;
			buildActionMask = 2147483647;
			files = (
				9AD42AE3243DF0600032D617 /* AddressSearchDenmarkTests.swift in Sources */,
			);
			runOnlyForDeploymentPostprocessing = 0;
		};
/* End PBXSourcesBuildPhase section */

/* Begin PBXTargetDependency section */
		9AD42AE0243DF0600032D617 /* PBXTargetDependency */ = {
			isa = PBXTargetDependency;
			target = 9AD42AC7243DF05E0032D617 /* AddressSearchDenmark */;
			targetProxy = 9AD42ADF243DF0600032D617 /* PBXContainerItemProxy */;
		};
/* End PBXTargetDependency section */

/* Begin PBXVariantGroup section */
		9AD42AD6243DF0600032D617 /* LaunchScreen.storyboard */ = {
			isa = PBXVariantGroup;
			children = (
				9AD42AD7243DF0600032D617 /* Base */,
			);
			name = LaunchScreen.storyboard;
			sourceTree = "<group>";
		};
/* End PBXVariantGroup section */

/* Begin XCBuildConfiguration section */
		9AD42AE5243DF0600032D617 /* Debug */ = {
			isa = XCBuildConfiguration;
			buildSettings = {
				ALWAYS_SEARCH_USER_PATHS = NO;
				CLANG_ANALYZER_NONNULL = YES;
				CLANG_ANALYZER_NUMBER_OBJECT_CONVERSION = YES_AGGRESSIVE;
				CLANG_CXX_LANGUAGE_STANDARD = "gnu++14";
				CLANG_CXX_LIBRARY = "libc++";
				CLANG_ENABLE_MODULES = YES;
				CLANG_ENABLE_OBJC_ARC = YES;
				CLANG_ENABLE_OBJC_WEAK = YES;
				CLANG_WARN_BLOCK_CAPTURE_AUTORELEASING = YES;
				CLANG_WARN_BOOL_CONVERSION = YES;
				CLANG_WARN_COMMA = YES;
				CLANG_WARN_CONSTANT_CONVERSION = YES;
				CLANG_WARN_DEPRECATED_OBJC_IMPLEMENTATIONS = YES;
				CLANG_WARN_DIRECT_OBJC_ISA_USAGE = YES_ERROR;
				CLANG_WARN_DOCUMENTATION_COMMENTS = YES;
				CLANG_WARN_EMPTY_BODY = YES;
				CLANG_WARN_ENUM_CONVERSION = YES;
				CLANG_WARN_INFINITE_RECURSION = YES;
				CLANG_WARN_INT_CONVERSION = YES;
				CLANG_WARN_NON_LITERAL_NULL_CONVERSION = YES;
				CLANG_WARN_OBJC_IMPLICIT_RETAIN_SELF = YES;
				CLANG_WARN_OBJC_LITERAL_CONVERSION = YES;
				CLANG_WARN_OBJC_ROOT_CLASS = YES_ERROR;
				CLANG_WARN_RANGE_LOOP_ANALYSIS = YES;
				CLANG_WARN_STRICT_PROTOTYPES = YES;
				CLANG_WARN_SUSPICIOUS_MOVE = YES;
				CLANG_WARN_UNGUARDED_AVAILABILITY = YES_AGGRESSIVE;
				CLANG_WARN_UNREACHABLE_CODE = YES;
				CLANG_WARN__DUPLICATE_METHOD_MATCH = YES;
				COPY_PHASE_STRIP = NO;
				DEBUG_INFORMATION_FORMAT = dwarf;
				ENABLE_STRICT_OBJC_MSGSEND = YES;
				ENABLE_TESTABILITY = YES;
				GCC_C_LANGUAGE_STANDARD = gnu11;
				GCC_DYNAMIC_NO_PIC = NO;
				GCC_NO_COMMON_BLOCKS = YES;
				GCC_OPTIMIZATION_LEVEL = 0;
				GCC_PREPROCESSOR_DEFINITIONS = (
					"DEBUG=1",
					"$(inherited)",
				);
				GCC_WARN_64_TO_32_BIT_CONVERSION = YES;
				GCC_WARN_ABOUT_RETURN_TYPE = YES_ERROR;
				GCC_WARN_UNDECLARED_SELECTOR = YES;
				GCC_WARN_UNINITIALIZED_AUTOS = YES_AGGRESSIVE;
				GCC_WARN_UNUSED_FUNCTION = YES;
				GCC_WARN_UNUSED_VARIABLE = YES;
				IPHONEOS_DEPLOYMENT_TARGET = 13.4;
				MTL_ENABLE_DEBUG_INFO = INCLUDE_SOURCE;
				MTL_FAST_MATH = YES;
				ONLY_ACTIVE_ARCH = YES;
				SDKROOT = iphoneos;
				SWIFT_ACTIVE_COMPILATION_CONDITIONS = DEBUG;
				SWIFT_OPTIMIZATION_LEVEL = "-Onone";
			};
			name = Debug;
		};
		9AD42AE6243DF0600032D617 /* Release */ = {
			isa = XCBuildConfiguration;
			buildSettings = {
				ALWAYS_SEARCH_USER_PATHS = NO;
				CLANG_ANALYZER_NONNULL = YES;
				CLANG_ANALYZER_NUMBER_OBJECT_CONVERSION = YES_AGGRESSIVE;
				CLANG_CXX_LANGUAGE_STANDARD = "gnu++14";
				CLANG_CXX_LIBRARY = "libc++";
				CLANG_ENABLE_MODULES = YES;
				CLANG_ENABLE_OBJC_ARC = YES;
				CLANG_ENABLE_OBJC_WEAK = YES;
				CLANG_WARN_BLOCK_CAPTURE_AUTORELEASING = YES;
				CLANG_WARN_BOOL_CONVERSION = YES;
				CLANG_WARN_COMMA = YES;
				CLANG_WARN_CONSTANT_CONVERSION = YES;
				CLANG_WARN_DEPRECATED_OBJC_IMPLEMENTATIONS = YES;
				CLANG_WARN_DIRECT_OBJC_ISA_USAGE = YES_ERROR;
				CLANG_WARN_DOCUMENTATION_COMMENTS = YES;
				CLANG_WARN_EMPTY_BODY = YES;
				CLANG_WARN_ENUM_CONVERSION = YES;
				CLANG_WARN_INFINITE_RECURSION = YES;
				CLANG_WARN_INT_CONVERSION = YES;
				CLANG_WARN_NON_LITERAL_NULL_CONVERSION = YES;
				CLANG_WARN_OBJC_IMPLICIT_RETAIN_SELF = YES;
				CLANG_WARN_OBJC_LITERAL_CONVERSION = YES;
				CLANG_WARN_OBJC_ROOT_CLASS = YES_ERROR;
				CLANG_WARN_RANGE_LOOP_ANALYSIS = YES;
				CLANG_WARN_STRICT_PROTOTYPES = YES;
				CLANG_WARN_SUSPICIOUS_MOVE = YES;
				CLANG_WARN_UNGUARDED_AVAILABILITY = YES_AGGRESSIVE;
				CLANG_WARN_UNREACHABLE_CODE = YES;
				CLANG_WARN__DUPLICATE_METHOD_MATCH = YES;
				COPY_PHASE_STRIP = NO;
				DEBUG_INFORMATION_FORMAT = "dwarf-with-dsym";
				ENABLE_NS_ASSERTIONS = NO;
				ENABLE_STRICT_OBJC_MSGSEND = YES;
				GCC_C_LANGUAGE_STANDARD = gnu11;
				GCC_NO_COMMON_BLOCKS = YES;
				GCC_WARN_64_TO_32_BIT_CONVERSION = YES;
				GCC_WARN_ABOUT_RETURN_TYPE = YES_ERROR;
				GCC_WARN_UNDECLARED_SELECTOR = YES;
				GCC_WARN_UNINITIALIZED_AUTOS = YES_AGGRESSIVE;
				GCC_WARN_UNUSED_FUNCTION = YES;
				GCC_WARN_UNUSED_VARIABLE = YES;
				IPHONEOS_DEPLOYMENT_TARGET = 13.4;
				MTL_ENABLE_DEBUG_INFO = NO;
				MTL_FAST_MATH = YES;
				SDKROOT = iphoneos;
				SWIFT_COMPILATION_MODE = wholemodule;
				SWIFT_OPTIMIZATION_LEVEL = "-O";
				VALIDATE_PRODUCT = YES;
			};
			name = Release;
		};
		9AD42AE8243DF0600032D617 /* Debug */ = {
			isa = XCBuildConfiguration;
			buildSettings = {
				ASSETCATALOG_COMPILER_APPICON_NAME = AppIcon;
				CODE_SIGN_STYLE = Automatic;
				DEVELOPMENT_ASSET_PATHS = "\"AddressSearchDenmark/Preview Content\"";
				DEVELOPMENT_TEAM = G7Z4R5F596;
				ENABLE_PREVIEWS = YES;
				INFOPLIST_FILE = AddressSearchDenmark/Info.plist;
				LD_RUNPATH_SEARCH_PATHS = (
					"$(inherited)",
					"@executable_path/Frameworks",
				);
				PRODUCT_BUNDLE_IDENTIFIER = anfriis.AddressSearchDenmark;
				PRODUCT_NAME = "$(TARGET_NAME)";
				SWIFT_VERSION = 5.0;
				TARGETED_DEVICE_FAMILY = "1,2";
			};
			name = Debug;
		};
		9AD42AE9243DF0600032D617 /* Release */ = {
			isa = XCBuildConfiguration;
			buildSettings = {
				ASSETCATALOG_COMPILER_APPICON_NAME = AppIcon;
				CODE_SIGN_STYLE = Automatic;
				DEVELOPMENT_ASSET_PATHS = "\"AddressSearchDenmark/Preview Content\"";
				DEVELOPMENT_TEAM = G7Z4R5F596;
				ENABLE_PREVIEWS = YES;
				INFOPLIST_FILE = AddressSearchDenmark/Info.plist;
				LD_RUNPATH_SEARCH_PATHS = (
					"$(inherited)",
					"@executable_path/Frameworks",
				);
				PRODUCT_BUNDLE_IDENTIFIER = anfriis.AddressSearchDenmark;
				PRODUCT_NAME = "$(TARGET_NAME)";
				SWIFT_VERSION = 5.0;
				TARGETED_DEVICE_FAMILY = "1,2";
			};
			name = Release;
		};
		9AD42AEB243DF0600032D617 /* Debug */ = {
			isa = XCBuildConfiguration;
			buildSettings = {
				ALWAYS_EMBED_SWIFT_STANDARD_LIBRARIES = YES;
				BUNDLE_LOADER = "$(TEST_HOST)";
				CODE_SIGN_STYLE = Automatic;
				DEVELOPMENT_TEAM = G7Z4R5F596;
				INFOPLIST_FILE = AddressSearchDenmarkTests/Info.plist;
				IPHONEOS_DEPLOYMENT_TARGET = 13.4;
				LD_RUNPATH_SEARCH_PATHS = (
					"$(inherited)",
					"@executable_path/Frameworks",
					"@loader_path/Frameworks",
				);
				PRODUCT_BUNDLE_IDENTIFIER = anfriis.AddressSearchDenmarkTests;
				PRODUCT_NAME = "$(TARGET_NAME)";
				SWIFT_VERSION = 5.0;
				TARGETED_DEVICE_FAMILY = "1,2";
				TEST_HOST = "$(BUILT_PRODUCTS_DIR)/AddressSearchDenmark.app/AddressSearchDenmark";
			};
			name = Debug;
		};
		9AD42AEC243DF0600032D617 /* Release */ = {
			isa = XCBuildConfiguration;
			buildSettings = {
				ALWAYS_EMBED_SWIFT_STANDARD_LIBRARIES = YES;
				BUNDLE_LOADER = "$(TEST_HOST)";
				CODE_SIGN_STYLE = Automatic;
				DEVELOPMENT_TEAM = G7Z4R5F596;
				INFOPLIST_FILE = AddressSearchDenmarkTests/Info.plist;
				IPHONEOS_DEPLOYMENT_TARGET = 13.4;
				LD_RUNPATH_SEARCH_PATHS = (
					"$(inherited)",
					"@executable_path/Frameworks",
					"@loader_path/Frameworks",
				);
				PRODUCT_BUNDLE_IDENTIFIER = anfriis.AddressSearchDenmarkTests;
				PRODUCT_NAME = "$(TARGET_NAME)";
				SWIFT_VERSION = 5.0;
				TARGETED_DEVICE_FAMILY = "1,2";
				TEST_HOST = "$(BUILT_PRODUCTS_DIR)/AddressSearchDenmark.app/AddressSearchDenmark";
			};
			name = Release;
		};
/* End XCBuildConfiguration section */

/* Begin XCConfigurationList section */
		9AD42AC3243DF05E0032D617 /* Build configuration list for PBXProject "AddressSearchDenmark" */ = {
			isa = XCConfigurationList;
			buildConfigurations = (
				9AD42AE5243DF0600032D617 /* Debug */,
				9AD42AE6243DF0600032D617 /* Release */,
			);
			defaultConfigurationIsVisible = 0;
			defaultConfigurationName = Release;
		};
		9AD42AE7243DF0600032D617 /* Build configuration list for PBXNativeTarget "AddressSearchDenmark" */ = {
			isa = XCConfigurationList;
			buildConfigurations = (
				9AD42AE8243DF0600032D617 /* Debug */,
				9AD42AE9243DF0600032D617 /* Release */,
			);
			defaultConfigurationIsVisible = 0;
			defaultConfigurationName = Release;
		};
		9AD42AEA243DF0600032D617 /* Build configuration list for PBXNativeTarget "AddressSearchDenmarkTests" */ = {
			isa = XCConfigurationList;
			buildConfigurations = (
				9AD42AEB243DF0600032D617 /* Debug */,
				9AD42AEC243DF0600032D617 /* Release */,
			);
			defaultConfigurationIsVisible = 0;
			defaultConfigurationName = Release;
		};
/* End XCConfigurationList section */
	};
	rootObject = 9AD42AC0243DF05E0032D617 /* Project object */;
}
